
Microsoft Visual Studio Solution File, Format Version 12.00
# Visual Studio Version 16
VisualStudioVersion = 16.0.31112.23
MinimumVisualStudioVersion = 10.0.40219.1
Project("{9A19103F-16F7-4668-BE54-9A1E7A4F7556}") = "SocialNetwork", "SocialNetwork.csproj", "{086F82F9-994B-467E-952D-7DB35BDE480A}"
EndProject
Global
	GlobalSection(SolutionConfigurationPlatforms) = preSolution
		Debug|Any CPU = Debug|Any CPU
		Release|Any CPU = Release|Any CPU
	EndGlobalSection
	GlobalSection(ProjectConfigurationPlatforms) = postSolution
		{086F82F9-994B-467E-952D-7DB35BDE480A}.Debug|Any CPU.ActiveCfg = Debug|Any CPU
		{086F82F9-994B-467E-952D-7DB35BDE480A}.Debug|Any CPU.Build.0 = Debug|Any CPU
		{086F82F9-994B-467E-952D-7DB35BDE480A}.Release|Any CPU.ActiveCfg = Release|Any CPU
		{086F82F9-994B-467E-952D-7DB35BDE480A}.Release|Any CPU.Build.0 = Release|Any CPU
	EndGlobalSection
	GlobalSection(SolutionProperties) = preSolution
		HideSolutionNode = FALSE
	EndGlobalSection
	GlobalSection(ExtensibilityGlobals) = postSolution
		SolutionGuid = {23AD84B7-F44A-4DD3-A483-E376E6719FA3}
	EndGlobalSection
EndGlobal
