
Microsoft Visual Studio Solution File, Format Version 12.00
# Visual Studio Version 16
VisualStudioVersion = 16.0.31112.23
MinimumVisualStudioVersion = 10.0.40219.1
Project("{FAE04EC0-301F-11D3-BF4B-00C04F79EFBC}") = "SocialNetwork", "SocialNetwork.csproj", "{24AE962C-7950-4DD4-A868-433896E23035}"
EndProject
Global
	GlobalSection(SolutionConfigurationPlatforms) = preSolution
		Debug|Any CPU = Debug|Any CPU
		Release|Any CPU = Release|Any CPU
	EndGlobalSection
	GlobalSection(ProjectConfigurationPlatforms) = postSolution
		{24AE962C-7950-4DD4-A868-433896E23035}.Debug|Any CPU.ActiveCfg = Debug|Any CPU
		{24AE962C-7950-4DD4-A868-433896E23035}.Debug|Any CPU.Build.0 = Debug|Any CPU
		{24AE962C-7950-4DD4-A868-433896E23035}.Release|Any CPU.ActiveCfg = Release|Any CPU
		{24AE962C-7950-4DD4-A868-433896E23035}.Release|Any CPU.Build.0 = Release|Any CPU
	EndGlobalSection
	GlobalSection(SolutionProperties) = preSolution
		HideSolutionNode = FALSE
	EndGlobalSection
	GlobalSection(ExtensibilityGlobals) = postSolution
		SolutionGuid = {FD00A029-A980-4D68-B3C2-18CD578E577A}
	EndGlobalSection
EndGlobal
